// !$*UTF8*$!
{
	archiveVersion = 1;
	classes = {
	};
	objectVersion = 77;
	objects = {

/* Begin PBXBuildFile section */
		C0DE3000000000000000000D /* main.swift in Sources */ = {isa = PBXBuildFile; fileRef = C0DE30000000000000000003 /* main.swift */; };
		C0DE3000000000000000000E /* CodePrivilegedTool in Embed Command Line Tool */ = {isa = PBXBuildFile; fileRef = C0DE30000000000000000001 /* CodePrivilegedTool */; settings = {ATTRIBUTES = (CodeSignOnCopy, ); }; };
		C0DE4000000000000000000D /* main.c in Sources */ = {isa = PBXBuildFile; fileRef = C0DE40000000000000000003 /* main.c */; };
		C0DE4000000000000000000E /* CodeElevationRunner in Embed Command Line Tool */ = {isa = PBXBuildFile; fileRef = C0DE40000000000000000001 /* CodeElevationRunner */; settings = {ATTRIBUTES = (CodeSignOnCopy, ); }; };
		C0DEC1E0000000000000000C /* code in Embed Command Line Tool */ = {isa = PBXBuildFile; fileRef = C0DEC1E00000000000000001 /* code */; settings = {ATTRIBUTES = (CodeSignOnCopy, ); }; };
		C0DEC1E0000000000000000E /* main.swift in Sources */ = {isa = PBXBuildFile; fileRef = C0DEC1E0000000000000000D /* main.swift */; };
/* End PBXBuildFile section */

/* Begin PBXContainerItemProxy section */
		C0DE1000000000000000000A /* PBXContainerItemProxy */ = {
			isa = PBXContainerItemProxy;
			containerPortal = FFDE5E252F82ADA2008C9D62 /* Project object */;
			proxyType = 1;
			remoteGlobalIDString = FFDE5E2C2F82ADA3008C9D62;
			remoteInfo = Code;
		};
		C0DE30000000000000000014 /* PBXContainerItemProxy */ = {
			isa = PBXContainerItemProxy;
			containerPortal = FFDE5E252F82ADA2008C9D62 /* Project object */;
			proxyType = 1;
			remoteGlobalIDString = C0DE30000000000000000007;
			remoteInfo = CodePrivilegedTool;
		};
		C0DE40000000000000000014 /* PBXContainerItemProxy */ = {
			isa = PBXContainerItemProxy;
			containerPortal = FFDE5E252F82ADA2008C9D62 /* Project object */;
			proxyType = 1;
			remoteGlobalIDString = C0DE40000000000000000007;
			remoteInfo = CodeElevationRunner;
		};
		C0DEC1E00000000000000009 /* PBXContainerItemProxy */ = {
			isa = PBXContainerItemProxy;
			containerPortal = FFDE5E252F82ADA2008C9D62 /* Project object */;
			proxyType = 1;
			remoteGlobalIDString = C0DEC1E00000000000000005;
			remoteInfo = CodeCLI;
		};
/* End PBXContainerItemProxy section */

/* Begin PBXCopyFilesBuildPhase section */
		C0DEC1E0000000000000000B /* Embed Command Line Tool */ = {
			isa = PBXCopyFilesBuildPhase;
			buildActionMask = 2147483647;
			dstPath = Contents/Helpers;
			dstSubfolderSpec = 1;
			files = (
				C0DEC1E0000000000000000C /* code in Embed Command Line Tool */,
				C0DE3000000000000000000E /* CodePrivilegedTool in Embed Command Line Tool */,
				C0DE4000000000000000000E /* CodeElevationRunner in Embed Command Line Tool */,
			);
			name = "Embed Command Line Tool";
			runOnlyForDeploymentPostprocessing = 0;
		};
/* End PBXCopyFilesBuildPhase section */

/* Begin PBXFileReference section */
		C0DE10000000000000000002 /* CodeTests.xctest */ = {isa = PBXFileReference; explicitFileType = wrapper.cfbundle; includeInIndex = 0; path = CodeTests.xctest; sourceTree = BUILT_PRODUCTS_DIR; };
		C0DE30000000000000000001 /* CodePrivilegedTool */ = {isa = PBXFileReference; explicitFileType = "compiled.mach-o.executable"; includeInIndex = 0; path = CodePrivilegedTool; sourceTree = BUILT_PRODUCTS_DIR; };
		C0DE30000000000000000003 /* main.swift */ = {isa = PBXFileReference; lastKnownFileType = sourcecode.swift; path = main.swift; sourceTree = "<group>"; };
		C0DE40000000000000000001 /* CodeElevationRunner */ = {isa = PBXFileReference; explicitFileType = "compiled.mach-o.executable"; includeInIndex = 0; path = CodeElevationRunner; sourceTree = BUILT_PRODUCTS_DIR; };
		C0DE40000000000000000003 /* main.c */ = {isa = PBXFileReference; lastKnownFileType = sourcecode.c.c; path = main.c; sourceTree = "<group>"; };
		C0DEC1E00000000000000001 /* code */ = {isa = PBXFileReference; explicitFileType = "compiled.mach-o.executable"; includeInIndex = 0; path = code; sourceTree = BUILT_PRODUCTS_DIR; };
		C0DEC1E0000000000000000D /* main.swift */ = {isa = PBXFileReference; lastKnownFileType = sourcecode.swift; path = main.swift; sourceTree = "<group>"; };
		FFDE5E2D2F82ADA3008C9D62 /* Code.app */ = {isa = PBXFileReference; explicitFileType = wrapper.application; includeInIndex = 0; path = Code.app; sourceTree = BUILT_PRODUCTS_DIR; };
/* End PBXFileReference section */

/* Begin PBXFileSystemSynchronizedRootGroup section */
		C0DE10000000000000000001 /* CodeTests */ = {
			isa = PBXFileSystemSynchronizedRootGroup;
			path = CodeTests;
			sourceTree = "<group>";
		};
		FFDE5E2F2F82ADA3008C9D62 /* Code */ = {
			isa = PBXFileSystemSynchronizedRootGroup;
			path = Code;
			sourceTree = "<group>";
		};
/* End PBXFileSystemSynchronizedRootGroup section */

/* Begin PBXFrameworksBuildPhase section */
		C0DE10000000000000000003 /* Frameworks */ = {
			isa = PBXFrameworksBuildPhase;
			buildActionMask = 2147483647;
			files = (
			);
			runOnlyForDeploymentPostprocessing = 0;
		};
		C0DE30000000000000000009 /* Frameworks */ = {
			isa = PBXFrameworksBuildPhase;
			buildActionMask = 2147483647;
			files = (
			);
			runOnlyForDeploymentPostprocessing = 0;
		};
		C0DE40000000000000000009 /* Frameworks */ = {
			isa = PBXFrameworksBuildPhase;
			buildActionMask = 2147483647;
			files = (
			);
			runOnlyForDeploymentPostprocessing = 0;
		};
		C0DEC1E00000000000000003 /* Frameworks */ = {
			isa = PBXFrameworksBuildPhase;
			buildActionMask = 2147483647;
			files = (
			);
			runOnlyForDeploymentPostprocessing = 0;
		};
		FFDE5E2A2F82ADA3008C9D62 /* Frameworks */ = {
			isa = PBXFrameworksBuildPhase;
			buildActionMask = 2147483647;
			files = (
			);
			runOnlyForDeploymentPostprocessing = 0;
		};
/* End PBXFrameworksBuildPhase section */

/* Begin PBXGroup section */
		C0DE30000000000000000002 /* CodePrivilegedTool */ = {
			isa = PBXGroup;
			children = (
				C0DE30000000000000000003 /* main.swift */,
			);
			path = CodePrivilegedTool;
			sourceTree = "<group>";
		};
		C0DE40000000000000000002 /* CodeElevationRunner */ = {
			isa = PBXGroup;
			children = (
				C0DE40000000000000000003 /* main.c */,
			);
			path = CodeElevationRunner;
			sourceTree = "<group>";
		};
		C0DEC1E00000000000000002 /* CodeCLI */ = {
			isa = PBXGroup;
			children = (
				C0DEC1E0000000000000000D /* main.swift */,
			);
			path = CodeCLI;
			sourceTree = "<group>";
		};
		FFDE5E242F82ADA2008C9D62 = {
			isa = PBXGroup;
			children = (
				FFDE5E2F2F82ADA3008C9D62 /* Code */,
				C0DEC1E00000000000000002 /* CodeCLI */,
				C0DE30000000000000000002 /* CodePrivilegedTool */,
				C0DE40000000000000000002 /* CodeElevationRunner */,
				C0DE10000000000000000001 /* CodeTests */,
				FFDE5E2E2F82ADA3008C9D62 /* Products */,
			);
			sourceTree = "<group>";
		};
		FFDE5E2E2F82ADA3008C9D62 /* Products */ = {
			isa = PBXGroup;
			children = (
				FFDE5E2D2F82ADA3008C9D62 /* Code.app */,
				C0DEC1E00000000000000001 /* code */,
				C0DE30000000000000000001 /* CodePrivilegedTool */,
				C0DE40000000000000000001 /* CodeElevationRunner */,
				C0DE10000000000000000002 /* CodeTests.xctest */,
			);
			name = Products;
			sourceTree = "<group>";
		};
/* End PBXGroup section */

/* Begin PBXNativeTarget section */
		C0DE10000000000000000006 /* CodeTests */ = {
			isa = PBXNativeTarget;
			buildConfigurationList = C0DE10000000000000000009 /* Build configuration list for PBXNativeTarget "CodeTests" */;
			buildPhases = (
				C0DE10000000000000000005 /* Sources */,
				C0DE10000000000000000003 /* Frameworks */,
				C0DE10000000000000000004 /* Resources */,
			);
			buildRules = (
			);
			dependencies = (
				C0DE1000000000000000000B /* PBXTargetDependency */,
			);
			fileSystemSynchronizedGroups = (
				C0DE10000000000000000001 /* CodeTests */,
			);
			name = CodeTests;
			packageProductDependencies = (
			);
			productName = CodeTests;
			productReference = C0DE10000000000000000002 /* CodeTests.xctest */;
			productType = "com.apple.product-type.bundle.unit-test";
		};
		C0DE30000000000000000007 /* CodePrivilegedTool */ = {
			isa = PBXNativeTarget;
			buildConfigurationList = C0DE3000000000000000000A /* Build configuration list for PBXNativeTarget "CodePrivilegedTool" */;
			buildPhases = (
				C0DE30000000000000000008 /* Sources */,
				C0DE30000000000000000009 /* Frameworks */,
			);
			buildRules = (
			);
			dependencies = (
			);
			name = CodePrivilegedTool;
			packageProductDependencies = (
			);
			productName = CodePrivilegedTool;
			productReference = C0DE30000000000000000001 /* CodePrivilegedTool */;
			productType = "com.apple.product-type.tool";
		};
		C0DE40000000000000000007 /* CodeElevationRunner */ = {
			isa = PBXNativeTarget;
			buildConfigurationList = C0DE4000000000000000000A /* Build configuration list for PBXNativeTarget "CodeElevationRunner" */;
			buildPhases = (
				C0DE40000000000000000008 /* Sources */,
				C0DE40000000000000000009 /* Frameworks */,
			);
			buildRules = (
			);
			dependencies = (
			);
			name = CodeElevationRunner;
			packageProductDependencies = (
			);
			productName = CodeElevationRunner;
			productReference = C0DE40000000000000000001 /* CodeElevationRunner */;
			productType = "com.apple.product-type.tool";
		};
		C0DEC1E00000000000000005 /* CodeCLI */ = {
			isa = PBXNativeTarget;
			buildConfigurationList = C0DEC1E00000000000000008 /* Build configuration list for PBXNativeTarget "CodeCLI" */;
			buildPhases = (
				C0DEC1E00000000000000004 /* Sources */,
				C0DEC1E00000000000000003 /* Frameworks */,
			);
			buildRules = (
			);
			dependencies = (
			);
			name = CodeCLI;
			packageProductDependencies = (
			);
			productName = code;
			productReference = C0DEC1E00000000000000001 /* code */;
			productType = "com.apple.product-type.tool";
		};
		FFDE5E2C2F82ADA3008C9D62 /* Code */ = {
			isa = PBXNativeTarget;
			buildConfigurationList = FFDE5E382F82ADA4008C9D62 /* Build configuration list for PBXNativeTarget "Code" */;
			buildPhases = (
				FFDE5E292F82ADA3008C9D62 /* Sources */,
				FFDE5E2A2F82ADA3008C9D62 /* Frameworks */,
				FFDE5E2B2F82ADA3008C9D62 /* Resources */,
				C0DEC1E0000000000000000B /* Embed Command Line Tool */,
			);
			buildRules = (
			);
			dependencies = (
				C0DEC1E0000000000000000A /* PBXTargetDependency */,
				C0DE30000000000000000013 /* PBXTargetDependency */,
				C0DE40000000000000000013 /* PBXTargetDependency */,
			);
			fileSystemSynchronizedGroups = (
				FFDE5E2F2F82ADA3008C9D62 /* Code */,
			);
			name = Code;
			packageProductDependencies = (
			);
			productName = Code;
			productReference = FFDE5E2D2F82ADA3008C9D62 /* Code.app */;
			productType = "com.apple.product-type.application";
		};
/* End PBXNativeTarget section */

/* Begin PBXProject section */
		FFDE5E252F82ADA2008C9D62 /* Project object */ = {
			isa = PBXProject;
			attributes = {
				BuildIndependentTargetsInParallel = 1;
				LastSwiftUpdateCheck = 2640;
				LastUpgradeCheck = 2640;
				TargetAttributes = {
					C0DE10000000000000000006 = {
						CreatedOnToolsVersion = 26.4;
						TestTargetID = FFDE5E2C2F82ADA3008C9D62;
					};
					C0DE30000000000000000007 = {
						CreatedOnToolsVersion = 26.4;
					};
					C0DE40000000000000000007 = {
						CreatedOnToolsVersion = 26.4;
					};
					C0DEC1E00000000000000005 = {
						CreatedOnToolsVersion = 26.4;
					};
					FFDE5E2C2F82ADA3008C9D62 = {
						CreatedOnToolsVersion = 26.4;
					};
				};
			};
			buildConfigurationList = FFDE5E282F82ADA2008C9D62 /* Build configuration list for PBXProject "Code" */;
			developmentRegion = en;
			hasScannedForEncodings = 0;
			knownRegions = (
				en,
				Base,
			);
			mainGroup = FFDE5E242F82ADA2008C9D62;
			minimizedProjectReferenceProxies = 1;
			preferredProjectObjectVersion = 77;
			productRefGroup = FFDE5E2E2F82ADA3008C9D62 /* Products */;
			projectDirPath = "";
			projectRoot = "";
			targets = (
				FFDE5E2C2F82ADA3008C9D62 /* Code */,
				C0DEC1E00000000000000005 /* CodeCLI */,
				C0DE30000000000000000007 /* CodePrivilegedTool */,
				C0DE40000000000000000007 /* CodeElevationRunner */,
				C0DE10000000000000000006 /* CodeTests */,
			);
		};
/* End PBXProject section */

/* Begin PBXResourcesBuildPhase section */
		C0DE10000000000000000004 /* Resources */ = {
			isa = PBXResourcesBuildPhase;
			buildActionMask = 2147483647;
			files = (
			);
			runOnlyForDeploymentPostprocessing = 0;
		};
		FFDE5E2B2F82ADA3008C9D62 /* Resources */ = {
			isa = PBXResourcesBuildPhase;
			buildActionMask = 2147483647;
			files = (
			);
			runOnlyForDeploymentPostprocessing = 0;
		};
/* End PBXResourcesBuildPhase section */

/* Begin PBXSourcesBuildPhase section */
		C0DE10000000000000000005 /* Sources */ = {
			isa = PBXSourcesBuildPhase;
			buildActionMask = 2147483647;
			files = (
			);
			runOnlyForDeploymentPostprocessing = 0;
		};
		C0DE30000000000000000008 /* Sources */ = {
			isa = PBXSourcesBuildPhase;
			buildActionMask = 2147483647;
			files = (
				C0DE3000000000000000000D /* main.swift in Sources */,
			);
			runOnlyForDeploymentPostprocessing = 0;
		};
		C0DE40000000000000000008 /* Sources */ = {
			isa = PBXSourcesBuildPhase;
			buildActionMask = 2147483647;
			files = (
				C0DE4000000000000000000D /* main.c in Sources */,
			);
			runOnlyForDeploymentPostprocessing = 0;
		};
		C0DEC1E00000000000000004 /* Sources */ = {
			isa = PBXSourcesBuildPhase;
			buildActionMask = 2147483647;
			files = (
				C0DEC1E0000000000000000E /* main.swift in Sources */,
			);
			runOnlyForDeploymentPostprocessing = 0;
		};
		FFDE5E292F82ADA3008C9D62 /* Sources */ = {
			isa = PBXSourcesBuildPhase;
			buildActionMask = 2147483647;
			files = (
			);
			runOnlyForDeploymentPostprocessing = 0;
		};
/* End PBXSourcesBuildPhase section */

/* Begin PBXTargetDependency section */
		C0DE1000000000000000000B /* PBXTargetDependency */ = {
			isa = PBXTargetDependency;
			target = FFDE5E2C2F82ADA3008C9D62 /* Code */;
			targetProxy = C0DE1000000000000000000A /* PBXContainerItemProxy */;
		};
		C0DE30000000000000000013 /* PBXTargetDependency */ = {
			isa = PBXTargetDependency;
			target = C0DE30000000000000000007 /* CodePrivilegedTool */;
			targetProxy = C0DE30000000000000000014 /* PBXContainerItemProxy */;
		};
		C0DE40000000000000000013 /* PBXTargetDependency */ = {
			isa = PBXTargetDependency;
			target = C0DE40000000000000000007 /* CodeElevationRunner */;
			targetProxy = C0DE40000000000000000014 /* PBXContainerItemProxy */;
		};
		C0DEC1E0000000000000000A /* PBXTargetDependency */ = {
			isa = PBXTargetDependency;
			target = C0DEC1E00000000000000005 /* CodeCLI */;
			targetProxy = C0DEC1E00000000000000009 /* PBXContainerItemProxy */;
		};
/* End PBXTargetDependency section */

/* Begin XCBuildConfiguration section */
		C0DE10000000000000000007 /* Debug */ = {
			isa = XCBuildConfiguration;
			buildSettings = {
				BUNDLE_LOADER = "$(TEST_HOST)";
				CODE_SIGN_STYLE = Automatic;
				COMBINE_HIDPI_IMAGES = YES;
				CURRENT_PROJECT_VERSION = 1;
				DEVELOPMENT_TEAM = 7GK58M2353;
				GENERATE_INFOPLIST_FILE = YES;
				LD_RUNPATH_SEARCH_PATHS = (
					"$(inherited)",
					"@executable_path/../Frameworks",
					"@loader_path/../Frameworks",
				);
				MACOSX_DEPLOYMENT_TARGET = 14.0;
				MARKETING_VERSION = 1.0.0;
				PRODUCT_BUNDLE_IDENTIFIER = com.georgebabichev.CodeTests;
				PRODUCT_NAME = "$(TARGET_NAME)";
				SWIFT_APPROACHABLE_CONCURRENCY = YES;
				SWIFT_STRICT_MEMORY_SAFETY = YES;
				SWIFT_UPCOMING_FEATURE_MEMBER_IMPORT_VISIBILITY = YES;
				SWIFT_VERSION = 6.0;
				TEST_HOST = "$(BUILT_PRODUCTS_DIR)/Code.app/$(BUNDLE_EXECUTABLE_FOLDER_PATH)/Code";
			};
			name = Debug;
		};
		C0DE10000000000000000008 /* Release */ = {
			isa = XCBuildConfiguration;
			buildSettings = {
				BUNDLE_LOADER = "$(TEST_HOST)";
				CODE_SIGN_STYLE = Automatic;
				COMBINE_HIDPI_IMAGES = YES;
				CURRENT_PROJECT_VERSION = 1;
				DEVELOPMENT_TEAM = 7GK58M2353;
				GENERATE_INFOPLIST_FILE = YES;
				LD_RUNPATH_SEARCH_PATHS = (
					"$(inherited)",
					"@executable_path/../Frameworks",
					"@loader_path/../Frameworks",
				);
				MACOSX_DEPLOYMENT_TARGET = 14.0;
				MARKETING_VERSION = 1.0.0;
				PRODUCT_BUNDLE_IDENTIFIER = com.georgebabichev.CodeTests;
				PRODUCT_NAME = "$(TARGET_NAME)";
				SWIFT_APPROACHABLE_CONCURRENCY = YES;
				SWIFT_STRICT_MEMORY_SAFETY = YES;
				SWIFT_UPCOMING_FEATURE_MEMBER_IMPORT_VISIBILITY = YES;
				SWIFT_VERSION = 6.0;
				TEST_HOST = "$(BUILT_PRODUCTS_DIR)/Code.app/$(BUNDLE_EXECUTABLE_FOLDER_PATH)/Code";
			};
			name = Release;
		};
		C0DE3000000000000000000B /* Debug */ = {
			isa = XCBuildConfiguration;
			buildSettings = {
				CODE_SIGN_STYLE = Automatic;
				CURRENT_PROJECT_VERSION = 1;
				DEVELOPMENT_TEAM = 7GK58M2353;
				ENABLE_HARDENED_RUNTIME = YES;
				MACOSX_DEPLOYMENT_TARGET = 14.0;
				MARKETING_VERSION = 1.0.0;
				PRODUCT_NAME = CodePrivilegedTool;
				SDKROOT = macosx;
				SKIP_INSTALL = YES;
				SWIFT_APPROACHABLE_CONCURRENCY = YES;
				SWIFT_STRICT_MEMORY_SAFETY = YES;
				SWIFT_UPCOMING_FEATURE_MEMBER_IMPORT_VISIBILITY = YES;
				SWIFT_VERSION = 6.0;
			};
			name = Debug;
		};
		C0DE3000000000000000000C /* Release */ = {
			isa = XCBuildConfiguration;
			buildSettings = {
				CODE_SIGN_STYLE = Automatic;
				CURRENT_PROJECT_VERSION = 1;
				DEVELOPMENT_TEAM = 7GK58M2353;
				ENABLE_HARDENED_RUNTIME = YES;
				MACOSX_DEPLOYMENT_TARGET = 14.0;
				MARKETING_VERSION = 1.0.0;
				PRODUCT_NAME = CodePrivilegedTool;
				SDKROOT = macosx;
				SKIP_INSTALL = YES;
				SWIFT_APPROACHABLE_CONCURRENCY = YES;
				SWIFT_STRICT_MEMORY_SAFETY = YES;
				SWIFT_UPCOMING_FEATURE_MEMBER_IMPORT_VISIBILITY = YES;
				SWIFT_VERSION = 6.0;
			};
			name = Release;
		};
		C0DE4000000000000000000B /* Debug */ = {
			isa = XCBuildConfiguration;
			buildSettings = {
				CODE_SIGN_STYLE = Automatic;
				CURRENT_PROJECT_VERSION = 1;
				DEVELOPMENT_TEAM = 7GK58M2353;
				ENABLE_HARDENED_RUNTIME = YES;
				GCC_C_LANGUAGE_STANDARD = gnu17;
				MACOSX_DEPLOYMENT_TARGET = 14.0;
				MARKETING_VERSION = 1.0.0;
				OTHER_LDFLAGS = (
					"-framework",
					Security,
				);
				PRODUCT_NAME = CodeElevationRunner;
				SDKROOT = macosx;
				SKIP_INSTALL = YES;
			};
			name = Debug;
		};
		C0DE4000000000000000000C /* Release */ = {
			isa = XCBuildConfiguration;
			buildSettings = {
				CODE_SIGN_STYLE = Automatic;
				CURRENT_PROJECT_VERSION = 1;
				DEVELOPMENT_TEAM = 7GK58M2353;
				ENABLE_HARDENED_RUNTIME = YES;
				GCC_C_LANGUAGE_STANDARD = gnu17;
				MACOSX_DEPLOYMENT_TARGET = 14.0;
				MARKETING_VERSION = 1.0.0;
				OTHER_LDFLAGS = (
					"-framework",
					Security,
				);
				PRODUCT_NAME = CodeElevationRunner;
				SDKROOT = macosx;
				SKIP_INSTALL = YES;
			};
			name = Release;
		};
		C0DEC1E00000000000000006 /* Debug */ = {
			isa = XCBuildConfiguration;
			buildSettings = {
				CODE_SIGN_STYLE = Automatic;
				CURRENT_PROJECT_VERSION = 1;
				DEVELOPMENT_TEAM = 7GK58M2353;
				ENABLE_HARDENED_RUNTIME = YES;
				MACOSX_DEPLOYMENT_TARGET = 14.0;
				MARKETING_VERSION = 1.0.0;
				PRODUCT_NAME = code;
				SDKROOT = macosx;
				SKIP_INSTALL = YES;
				SWIFT_APPROACHABLE_CONCURRENCY = YES;
				SWIFT_STRICT_MEMORY_SAFETY = YES;
				SWIFT_UPCOMING_FEATURE_MEMBER_IMPORT_VISIBILITY = YES;
				SWIFT_VERSION = 6.0;
			};
			name = Debug;
		};
		C0DEC1E00000000000000007 /* Release */ = {
			isa = XCBuildConfiguration;
			buildSettings = {
				CODE_SIGN_STYLE = Automatic;
				CURRENT_PROJECT_VERSION = 1;
				DEVELOPMENT_TEAM = 7GK58M2353;
				ENABLE_HARDENED_RUNTIME = YES;
				MACOSX_DEPLOYMENT_TARGET = 14.0;
				MARKETING_VERSION = 1.0.0;
				PRODUCT_NAME = code;
				SDKROOT = macosx;
				SKIP_INSTALL = YES;
				SWIFT_APPROACHABLE_CONCURRENCY = YES;
				SWIFT_STRICT_MEMORY_SAFETY = YES;
				SWIFT_UPCOMING_FEATURE_MEMBER_IMPORT_VISIBILITY = YES;
				SWIFT_VERSION = 6.0;
			};
			name = Release;
		};
		FFDE5E362F82ADA4008C9D62 /* Debug */ = {
			isa = XCBuildConfiguration;
			buildSettings = {
				ALWAYS_SEARCH_USER_PATHS = NO;
				ASSETCATALOG_COMPILER_GENERATE_SWIFT_ASSET_SYMBOL_EXTENSIONS = YES;
				CLANG_ANALYZER_NONNULL = YES;
				CLANG_ANALYZER_NUMBER_OBJECT_CONVERSION = YES_AGGRESSIVE;
				CLANG_CXX_LANGUAGE_STANDARD = "gnu++20";
				CLANG_ENABLE_MODULES = YES;
				CLANG_ENABLE_OBJC_ARC = YES;
				CLANG_ENABLE_OBJC_WEAK = YES;
				CLANG_WARN_BLOCK_CAPTURE_AUTORELEASING = YES;
				CLANG_WARN_BOOL_CONVERSION = YES;
				CLANG_WARN_COMMA = YES;
				CLANG_WARN_CONSTANT_CONVERSION = YES;
				CLANG_WARN_DEPRECATED_OBJC_IMPLEMENTATIONS = YES;
				CLANG_WARN_DIRECT_OBJC_ISA_USAGE = YES_ERROR;
				CLANG_WARN_DOCUMENTATION_COMMENTS = YES;
				CLANG_WARN_EMPTY_BODY = YES;
				CLANG_WARN_ENUM_CONVERSION = YES;
				CLANG_WARN_INFINITE_RECURSION = YES;
				CLANG_WARN_INT_CONVERSION = YES;
				CLANG_WARN_NON_LITERAL_NULL_CONVERSION = YES;
				CLANG_WARN_OBJC_IMPLICIT_RETAIN_SELF = YES;
				CLANG_WARN_OBJC_LITERAL_CONVERSION = YES;
				CLANG_WARN_OBJC_ROOT_CLASS = YES_ERROR;
				CLANG_WARN_QUOTED_INCLUDE_IN_FRAMEWORK_HEADER = YES;
				CLANG_WARN_RANGE_LOOP_ANALYSIS = YES;
				CLANG_WARN_STRICT_PROTOTYPES = YES;
				CLANG_WARN_SUSPICIOUS_MOVE = YES;
				CLANG_WARN_UNGUARDED_AVAILABILITY = YES_AGGRESSIVE;
				CLANG_WARN_UNREACHABLE_CODE = YES;
				CLANG_WARN__DUPLICATE_METHOD_MATCH = YES;
				COPY_PHASE_STRIP = NO;
				DEBUG_INFORMATION_FORMAT = dwarf;
				DEVELOPMENT_TEAM = 7GK58M2353;
				ENABLE_STRICT_OBJC_MSGSEND = YES;
				ENABLE_TESTABILITY = YES;
				ENABLE_USER_SCRIPT_SANDBOXING = YES;
				GCC_C_LANGUAGE_STANDARD = gnu17;
				GCC_DYNAMIC_NO_PIC = NO;
				GCC_NO_COMMON_BLOCKS = YES;
				GCC_OPTIMIZATION_LEVEL = 0;
				GCC_PREPROCESSOR_DEFINITIONS = (
					"DEBUG=1",
					"$(inherited)",
				);
				GCC_WARN_64_TO_32_BIT_CONVERSION = YES;
				GCC_WARN_ABOUT_RETURN_TYPE = YES_ERROR;
				GCC_WARN_UNDECLARED_SELECTOR = YES;
				GCC_WARN_UNINITIALIZED_AUTOS = YES_AGGRESSIVE;
				GCC_WARN_UNUSED_FUNCTION = YES;
				GCC_WARN_UNUSED_VARIABLE = YES;
				LOCALIZATION_PREFERS_STRING_CATALOGS = YES;
				MACOSX_DEPLOYMENT_TARGET = 26.4;
				MTL_ENABLE_DEBUG_INFO = INCLUDE_SOURCE;
				MTL_FAST_MATH = YES;
				ONLY_ACTIVE_ARCH = YES;
				SDKROOT = macosx;
				SWIFT_ACTIVE_COMPILATION_CONDITIONS = "DEBUG $(inherited)";
				SWIFT_OPTIMIZATION_LEVEL = "-Onone";
			};
			name = Debug;
		};
		FFDE5E372F82ADA4008C9D62 /* Release */ = {
			isa = XCBuildConfiguration;
			buildSettings = {
				ALWAYS_SEARCH_USER_PATHS = NO;
				ASSETCATALOG_COMPILER_GENERATE_SWIFT_ASSET_SYMBOL_EXTENSIONS = YES;
				CLANG_ANALYZER_NONNULL = YES;
				CLANG_ANALYZER_NUMBER_OBJECT_CONVERSION = YES_AGGRESSIVE;
				CLANG_CXX_LANGUAGE_STANDARD = "gnu++20";
				CLANG_ENABLE_MODULES = YES;
				CLANG_ENABLE_OBJC_ARC = YES;
				CLANG_ENABLE_OBJC_WEAK = YES;
				CLANG_WARN_BLOCK_CAPTURE_AUTORELEASING = YES;
				CLANG_WARN_BOOL_CONVERSION = YES;
				CLANG_WARN_COMMA = YES;
				CLANG_WARN_CONSTANT_CONVERSION = YES;
				CLANG_WARN_DEPRECATED_OBJC_IMPLEMENTATIONS = YES;
				CLANG_WARN_DIRECT_OBJC_ISA_USAGE = YES_ERROR;
				CLANG_WARN_DOCUMENTATION_COMMENTS = YES;
				CLANG_WARN_EMPTY_BODY = YES;
				CLANG_WARN_ENUM_CONVERSION = YES;
				CLANG_WARN_INFINITE_RECURSION = YES;
				CLANG_WARN_INT_CONVERSION = YES;
				CLANG_WARN_NON_LITERAL_NULL_CONVERSION = YES;
				CLANG_WARN_OBJC_IMPLICIT_RETAIN_SELF = YES;
				CLANG_WARN_OBJC_LITERAL_CONVERSION = YES;
				CLANG_WARN_OBJC_ROOT_CLASS = YES_ERROR;
				CLANG_WARN_QUOTED_INCLUDE_IN_FRAMEWORK_HEADER = YES;
				CLANG_WARN_RANGE_LOOP_ANALYSIS = YES;
				CLANG_WARN_STRICT_PROTOTYPES = YES;
				CLANG_WARN_SUSPICIOUS_MOVE = YES;
				CLANG_WARN_UNGUARDED_AVAILABILITY = YES_AGGRESSIVE;
				CLANG_WARN_UNREACHABLE_CODE = YES;
				CLANG_WARN__DUPLICATE_METHOD_MATCH = YES;
				COPY_PHASE_STRIP = NO;
				DEBUG_INFORMATION_FORMAT = "dwarf-with-dsym";
				DEVELOPMENT_TEAM = 7GK58M2353;
				ENABLE_NS_ASSERTIONS = NO;
				ENABLE_STRICT_OBJC_MSGSEND = YES;
				ENABLE_USER_SCRIPT_SANDBOXING = YES;
				GCC_C_LANGUAGE_STANDARD = gnu17;
				GCC_NO_COMMON_BLOCKS = YES;
				GCC_WARN_64_TO_32_BIT_CONVERSION = YES;
				GCC_WARN_ABOUT_RETURN_TYPE = YES_ERROR;
				GCC_WARN_UNDECLARED_SELECTOR = YES;
				GCC_WARN_UNINITIALIZED_AUTOS = YES_AGGRESSIVE;
				GCC_WARN_UNUSED_FUNCTION = YES;
				GCC_WARN_UNUSED_VARIABLE = YES;
				LOCALIZATION_PREFERS_STRING_CATALOGS = YES;
				MACOSX_DEPLOYMENT_TARGET = 26.4;
				MTL_ENABLE_DEBUG_INFO = NO;
				MTL_FAST_MATH = YES;
				SDKROOT = macosx;
				SWIFT_COMPILATION_MODE = wholemodule;
			};
			name = Release;
		};
		FFDE5E392F82ADA4008C9D62 /* Debug */ = {
			isa = XCBuildConfiguration;
			buildSettings = {
				ASSETCATALOG_COMPILER_APPICON_NAME = Code;
				ASSETCATALOG_COMPILER_GLOBAL_ACCENT_COLOR_NAME = AccentColor;
				CODE_SIGN_STYLE = Automatic;
				COMBINE_HIDPI_IMAGES = YES;
				CURRENT_PROJECT_VERSION = 1;
				DEVELOPMENT_TEAM = 7GK58M2353;
				ENABLE_APP_SANDBOX = NO;
				ENABLE_HARDENED_RUNTIME = YES;
				ENABLE_PREVIEWS = YES;
				GENERATE_INFOPLIST_FILE = NO;
				INFOPLIST_FILE = Info.plist;
				INFOPLIST_KEY_LSApplicationCategoryType = "public.app-category.utilities";
				LD_RUNPATH_SEARCH_PATHS = (
					"$(inherited)",
					"@executable_path/../Frameworks",
				);
				MACOSX_DEPLOYMENT_TARGET = 14.0;
				MARKETING_VERSION = 1.0.0;
				PRODUCT_BUNDLE_IDENTIFIER = com.georgebabichev.Code;
				PRODUCT_NAME = "$(TARGET_NAME)";
				REGISTER_APP_GROUPS = YES;
				SKIP_INSTALL = NO;
				STRING_CATALOG_GENERATE_SYMBOLS = YES;
				SWIFT_APPROACHABLE_CONCURRENCY = YES;
				SWIFT_DEFAULT_ACTOR_ISOLATION = MainActor;
				SWIFT_EMIT_LOC_STRINGS = YES;
				SWIFT_STRICT_MEMORY_SAFETY = YES;
				SWIFT_UPCOMING_FEATURE_MEMBER_IMPORT_VISIBILITY = YES;
				SWIFT_VERSION = 6.0;
			};
			name = Debug;
		};
		FFDE5E3A2F82ADA4008C9D62 /* Release */ = {
			isa = XCBuildConfiguration;
			buildSettings = {
				ASSETCATALOG_COMPILER_APPICON_NAME = Code;
				ASSETCATALOG_COMPILER_GLOBAL_ACCENT_COLOR_NAME = AccentColor;
				CODE_SIGN_STYLE = Automatic;
				COMBINE_HIDPI_IMAGES = YES;
				CURRENT_PROJECT_VERSION = 1;
				DEVELOPMENT_TEAM = 7GK58M2353;
				ENABLE_APP_SANDBOX = NO;
				ENABLE_HARDENED_RUNTIME = YES;
				ENABLE_PREVIEWS = YES;
				GENERATE_INFOPLIST_FILE = NO;
				INFOPLIST_FILE = Info.plist;
				INFOPLIST_KEY_LSApplicationCategoryType = "public.app-category.utilities";
				LD_RUNPATH_SEARCH_PATHS = (
					"$(inherited)",
					"@executable_path/../Frameworks",
				);
				MACOSX_DEPLOYMENT_TARGET = 14.0;
				MARKETING_VERSION = 1.0.0;
				PRODUCT_BUNDLE_IDENTIFIER = com.georgebabichev.Code;
				PRODUCT_NAME = "$(TARGET_NAME)";
				REGISTER_APP_GROUPS = YES;
				SKIP_INSTALL = NO;
				STRING_CATALOG_GENERATE_SYMBOLS = YES;
				SWIFT_APPROACHABLE_CONCURRENCY = YES;
				SWIFT_DEFAULT_ACTOR_ISOLATION = MainActor;
				SWIFT_EMIT_LOC_STRINGS = YES;
				SWIFT_STRICT_MEMORY_SAFETY = YES;
				SWIFT_UPCOMING_FEATURE_MEMBER_IMPORT_VISIBILITY = YES;
				SWIFT_VERSION = 6.0;
			};
			name = Release;
		};
/* End XCBuildConfiguration section */

/* Begin XCConfigurationList section */
		C0DE10000000000000000009 /* Build configuration list for PBXNativeTarget "CodeTests" */ = {
			isa = XCConfigurationList;
			buildConfigurations = (
				C0DE10000000000000000007 /* Debug */,
				C0DE10000000000000000008 /* Release */,
			);
			defaultConfigurationIsVisible = 0;
			defaultConfigurationName = Release;
		};
		C0DE3000000000000000000A /* Build configuration list for PBXNativeTarget "CodePrivilegedTool" */ = {
			isa = XCConfigurationList;
			buildConfigurations = (
				C0DE3000000000000000000B /* Debug */,
				C0DE3000000000000000000C /* Release */,
			);
			defaultConfigurationIsVisible = 0;
			defaultConfigurationName = Release;
		};
		C0DE4000000000000000000A /* Build configuration list for PBXNativeTarget "CodeElevationRunner" */ = {
			isa = XCConfigurationList;
			buildConfigurations = (
				C0DE4000000000000000000B /* Debug */,
				C0DE4000000000000000000C /* Release */,
			);
			defaultConfigurationIsVisible = 0;
			defaultConfigurationName = Release;
		};
		C0DEC1E00000000000000008 /* Build configuration list for PBXNativeTarget "CodeCLI" */ = {
			isa = XCConfigurationList;
			buildConfigurations = (
				C0DEC1E00000000000000006 /* Debug */,
				C0DEC1E00000000000000007 /* Release */,
			);
			defaultConfigurationIsVisible = 0;
			defaultConfigurationName = Release;
		};
		FFDE5E282F82ADA2008C9D62 /* Build configuration list for PBXProject "Code" */ = {
			isa = XCConfigurationList;
			buildConfigurations = (
				FFDE5E362F82ADA4008C9D62 /* Debug */,
				FFDE5E372F82ADA4008C9D62 /* Release */,
			);
			defaultConfigurationIsVisible = 0;
			defaultConfigurationName = Release;
		};
		FFDE5E382F82ADA4008C9D62 /* Build configuration list for PBXNativeTarget "Code" */ = {
			isa = XCConfigurationList;
			buildConfigurations = (
				FFDE5E392F82ADA4008C9D62 /* Debug */,
				FFDE5E3A2F82ADA4008C9D62 /* Release */,
			);
			defaultConfigurationIsVisible = 0;
			defaultConfigurationName = Release;
		};
/* End XCConfigurationList section */
	};
	rootObject = FFDE5E252F82ADA2008C9D62 /* Project object */;
}
